PODS:
  - AFNetworking (2.5.2):
    - AFNetworking/NSURLConnection (= 2.5.2)
    - AFNetworking/NSURLSession (= 2.5.2)
    - AFNetworking/Reachability (= 2.5.2)
    - AFNetworking/Security (= 2.5.2)
    - AFNetworking/Serialization (= 2.5.2)
    - AFNetworking/UIKit (= 2.5.2)
  - AFNetworking/NSURLConnection (2.5.2):
    - AFNetworking/Reachability
    - AFNetworking/Security
    - AFNetworking/Serialization
  - AFNetworking/NSURLSession (2.5.2):
    - AFNetworking/Reachability
    - AFNetworking/Security
    - AFNetworking/Serialization
  - AFNetworking/Reachability (2.5.2)
  - AFNetworking/Security (2.5.2)
  - AFNetworking/Serialization (2.5.2)
  - AFNetworking/UIKit (2.5.2):
    - AFNetworking/NSURLConnection
    - AFNetworking/NSURLSession
  - Bolts (1.1.4)
  - BRYSerialAnimationQueue (1.0.0)
  - CSNotificationView (0.5.4)
  - FXImageView (1.3.5)
  - GCDiscreetNotificationView (1.0.2)
  - JAMAccurateSlider (1.1.1)
  - KNSemiModalViewController (0.3)
  - MarqueeLabel (2.2.2)
  - MSCellAccessory (1.1.2)
  - RBBAnimation (0.3.0)
  - Reachability (3.2)
  - SDCAlertView (2.4.1):
    - RBBAnimation (~> 0.3)
    - SDCAutoLayout (~> 2.0)
  - SDCAutoLayout (2.0.3)
  - SDWebImage (3.7.2):
    - SDWebImage/Core (= 3.7.2)
  - SDWebImage/Core (3.7.2)
  - SSBouncyButton (1.0.3):
    - BRYSerialAnimationQueue (~> 1.0)
    - UIColor-Hex
    - UIImage+BetterAdditions (~> 2.0)
  - TBXML (1.5)
  - UIColor-Hex (0.1.1)
  - UIImage+BetterAdditions (2.0.0)
  - XCDYouTubeKit (2.1.1)

DEPENDENCIES:
  - AFNetworking
  - Bolts
  - CSNotificationView (~> 0.5)
  - FXImageView
  - GCDiscreetNotificationView
  - JAMAccurateSlider
  - KNSemiModalViewController (~> 0.3)
  - MarqueeLabel
  - MSCellAccessory (~> 1.1)
  - Reachability
  - SDCAlertView
  - SDWebImage (~> 3.6)
  - SSBouncyButton
  - TBXML
  - XCDYouTubeKit

SPEC CHECKSUMS:
  AFNetworking: fefbce9660acb17f48ae0011292d4da0f457bf36
  Bolts: f8e2f94edbf9fec7bb8de5ecaaa3aa6b7de6f64e
  BRYSerialAnimationQueue: 75feef56345338619a6c2111f2a81de28a59c368
  CSNotificationView: 0792f5220163c2befaf1a9716aa3d5a7d6bd4fb1
  FXImageView: 7d84722b37f0afea9a64f12fdd4a6c7f9ecc4b16
  GCDiscreetNotificationView: b093cce1fe82f6d9784169a156b48ecb1465ad8a
  JAMAccurateSlider: a97899a146b3f8b6341968e754b8e59968797af6
  KNSemiModalViewController: 8c0056377714b5170c52c65977d540200405411f
  MarqueeLabel: dd13ddc7e7d23ea5db0e37062cb79248955432a1
  MSCellAccessory: 8265f3cd2386c1f372da00232472605ab11426e4
  RBBAnimation: cb6cb419f511434ce932f7d0fabf369612fafb4e
  Reachability: 33e18b67625424e47b6cde6d202dce689ad7af96
  SDCAlertView: ff4c6c76ccdfcd0fa20e0ee5e044630f93fb3d12
  SDCAutoLayout: e6885bb39ab8e2ec2ff84d158f38035f025f7420
  SDWebImage: 71b7cdc1d1721d6a82ed62889030225f2c249e29
  SSBouncyButton: 8241d68be5cb94612dc12d097ed683b8c2dbbca5
  TBXML: 9f9dadb239f2f2af1dadb87fe43a0ce6e479379a
  UIColor-Hex: 77e80f383c6b3a63c5e95a9a4a7f4a71976e38a5
  UIImage+BetterAdditions: 7597a52af66213c88099b0c509be1df642aab860
  XCDYouTubeKit: 5f9bda3a51f2d8af80404b3377bc4696f650d856

COCOAPODS: 0.35.0
